// !$*UTF8*$!
{
	archiveVersion = 1;
	classes = {
	};
	objectVersion = 46;
	objects = {

/* Begin PBXBuildFile section */
		65410CAD1DB862F600B92D89 /* main.m in Sources */ = {isa = PBXBuildFile; fileRef = 65410CAC1DB862F600B92D89 /* main.m */; };
		65410CB01DB862F600B92D89 /* AppDelegate.m in Sources */ = {isa = PBXBuildFile; fileRef = 65410CAF1DB862F600B92D89 /* AppDelegate.m */; };
		65410CB31DB862F600B92D89 /* ViewController.m in Sources */ = {isa = PBXBuildFile; fileRef = 65410CB21DB862F600B92D89 /* ViewController.m */; };
		65410CB61DB862F600B92D89 /* Main.storyboard in Resources */ = {isa = PBXBuildFile; fileRef = 65410CB41DB862F600B92D89 /* Main.storyboard */; };
		65410CB81DB862F600B92D89 /* Assets.xcassets in Resources */ = {isa = PBXBuildFile; fileRef = 65410CB71DB862F600B92D89 /* Assets.xcassets */; };
		65410CBB1DB862F600B92D89 /* LaunchScreen.storyboard in Resources */ = {isa = PBXBuildFile; fileRef = 65410CB91DB862F600B92D89 /* LaunchScreen.storyboard */; };
		65410CC61DB862F600B92D89 /* scrollviewsTests.m in Sources */ = {isa = PBXBuildFile; fileRef = 65410CC51DB862F600B92D89 /* scrollviewsTests.m */; };
		65410CD11DB862F600B92D89 /* scrollviewsUITests.m in Sources */ = {isa = PBXBuildFile; fileRef = 65410CD01DB862F600B92D89 /* scrollviewsUITests.m */; };
		65410CEF1DB867FC00B92D89 /* SubTableView.m in Sources */ = {isa = PBXBuildFile; fileRef = 65410CEE1DB867FC00B92D89 /* SubTableView.m */; };
		65410CF21DB8685900B92D89 /* SuperTableView.m in Sources */ = {isa = PBXBuildFile; fileRef = 65410CF11DB8685900B92D89 /* SuperTableView.m */; };
		65410CF51DB868A400B92D89 /* SubBGScrollView.m in Sources */ = {isa = PBXBuildFile; fileRef = 65410CF41DB868A400B92D89 /* SubBGScrollView.m */; };
		65410D2D1DB86EDF00B92D89 /* MJRefreshAutoFooter.m in Sources */ = {isa = PBXBuildFile; fileRef = 65410D011DB86EDF00B92D89 /* MJRefreshAutoFooter.m */; };
		65410D2E1DB86EDF00B92D89 /* MJRefreshBackFooter.m in Sources */ = {isa = PBXBuildFile; fileRef = 65410D031DB86EDF00B92D89 /* MJRefreshBackFooter.m */; };
		65410D2F1DB86EDF00B92D89 /* MJRefreshComponent.m in Sources */ = {isa = PBXBuildFile; fileRef = 65410D051DB86EDF00B92D89 /* MJRefreshComponent.m */; };
		65410D301DB86EDF00B92D89 /* MJRefreshFooter.m in Sources */ = {isa = PBXBuildFile; fileRef = 65410D071DB86EDF00B92D89 /* MJRefreshFooter.m */; };
		65410D311DB86EDF00B92D89 /* MJRefreshHeader.m in Sources */ = {isa = PBXBuildFile; fileRef = 65410D091DB86EDF00B92D89 /* MJRefreshHeader.m */; };
		65410D321DB86EDF00B92D89 /* MJRefreshAutoGifFooter.m in Sources */ = {isa = PBXBuildFile; fileRef = 65410D0E1DB86EDF00B92D89 /* MJRefreshAutoGifFooter.m */; };
		65410D331DB86EDF00B92D89 /* MJRefreshAutoNormalFooter.m in Sources */ = {isa = PBXBuildFile; fileRef = 65410D101DB86EDF00B92D89 /* MJRefreshAutoNormalFooter.m */; };
		65410D341DB86EDF00B92D89 /* MJRefreshAutoStateFooter.m in Sources */ = {isa = PBXBuildFile; fileRef = 65410D121DB86EDF00B92D89 /* MJRefreshAutoStateFooter.m */; };
		65410D351DB86EDF00B92D89 /* MJRefreshBackGifFooter.m in Sources */ = {isa = PBXBuildFile; fileRef = 65410D151DB86EDF00B92D89 /* MJRefreshBackGifFooter.m */; };
		65410D361DB86EDF00B92D89 /* MJRefreshBackNormalFooter.m in Sources */ = {isa = PBXBuildFile; fileRef = 65410D171DB86EDF00B92D89 /* MJRefreshBackNormalFooter.m */; };
		65410D371DB86EDF00B92D89 /* MJRefreshBackStateFooter.m in Sources */ = {isa = PBXBuildFile; fileRef = 65410D191DB86EDF00B92D89 /* MJRefreshBackStateFooter.m */; };
		65410D381DB86EDF00B92D89 /* MJRefreshGifHeader.m in Sources */ = {isa = PBXBuildFile; fileRef = 65410D1C1DB86EDF00B92D89 /* MJRefreshGifHeader.m */; };
		65410D391DB86EDF00B92D89 /* MJRefreshNormalHeader.m in Sources */ = {isa = PBXBuildFile; fileRef = 65410D1E1DB86EDF00B92D89 /* MJRefreshNormalHeader.m */; };
		65410D3A1DB86EDF00B92D89 /* MJRefreshStateHeader.m in Sources */ = {isa = PBXBuildFile; fileRef = 65410D201DB86EDF00B92D89 /* MJRefreshStateHeader.m */; };
		65410D3B1DB86EDF00B92D89 /* MJRefresh.bundle in Resources */ = {isa = PBXBuildFile; fileRef = 65410D211DB86EDF00B92D89 /* MJRefresh.bundle */; };
		65410D3C1DB86EDF00B92D89 /* MJRefreshConst.m in Sources */ = {isa = PBXBuildFile; fileRef = 65410D241DB86EDF00B92D89 /* MJRefreshConst.m */; };
		65410D3D1DB86EDF00B92D89 /* NSBundle+MJRefresh.m in Sources */ = {isa = PBXBuildFile; fileRef = 65410D261DB86EDF00B92D89 /* NSBundle+MJRefresh.m */; };
		65410D3E1DB86EDF00B92D89 /* UIScrollView+MJExtension.m in Sources */ = {isa = PBXBuildFile; fileRef = 65410D281DB86EDF00B92D89 /* UIScrollView+MJExtension.m */; };
		65410D3F1DB86EDF00B92D89 /* UIScrollView+MJRefresh.m in Sources */ = {isa = PBXBuildFile; fileRef = 65410D2A1DB86EDF00B92D89 /* UIScrollView+MJRefresh.m */; };
		65410D401DB86EDF00B92D89 /* UIView+MJExtension.m in Sources */ = {isa = PBXBuildFile; fileRef = 65410D2C1DB86EDF00B92D89 /* UIView+MJExtension.m */; };
		65410D431DB8999600B92D89 /* SecondViewController.m in Sources */ = {isa = PBXBuildFile; fileRef = 65410D421DB8999600B92D89 /* SecondViewController.m */; };
		65BD90B91DB8B66A00037210 /* IndexTabelView.m in Sources */ = {isa = PBXBuildFile; fileRef = 65BD90B81DB8B66A00037210 /* IndexTabelView.m */; };
/* End PBXBuildFile section */

/* Begin PBXContainerItemProxy section */
		65410CC21DB862F600B92D89 /* PBXContainerItemProxy */ = {
			isa = PBXContainerItemProxy;
			containerPortal = 65410CA01DB862F600B92D89 /* Project object */;
			proxyType = 1;
			remoteGlobalIDString = 65410CA71DB862F600B92D89;
			remoteInfo = scrollviews;
		};
		65410CCD1DB862F600B92D89 /* PBXContainerItemProxy */ = {
			isa = PBXContainerItemProxy;
			containerPortal = 65410CA01DB862F600B92D89 /* Project object */;
			proxyType = 1;
			remoteGlobalIDString = 65410CA71DB862F600B92D89;
			remoteInfo = scrollviews;
		};
/* End PBXContainerItemProxy section */

/* Begin PBXFileReference section */
		65410CA81DB862F600B92D89 /* scrollviews.app */ = {isa = PBXFileReference; explicitFileType = wrapper.application; includeInIndex = 0; path = scrollviews.app; sourceTree = BUILT_PRODUCTS_DIR; };
		65410CAC1DB862F600B92D89 /* main.m */ = {isa = PBXFileReference; lastKnownFileType = sourcecode.c.objc; path = main.m; sourceTree = "<group>"; };
		65410CAE1DB862F600B92D89 /* AppDelegate.h */ = {isa = PBXFileReference; lastKnownFileType = sourcecode.c.h; path = AppDelegate.h; sourceTree = "<group>"; };
		65410CAF1DB862F600B92D89 /* AppDelegate.m */ = {isa = PBXFileReference; lastKnownFileType = sourcecode.c.objc; path = AppDelegate.m; sourceTree = "<group>"; };
		65410CB11DB862F600B92D89 /* ViewController.h */ = {isa = PBXFileReference; lastKnownFileType = sourcecode.c.h; path = ViewController.h; sourceTree = "<group>"; };
		65410CB21DB862F600B92D89 /* ViewController.m */ = {isa = PBXFileReference; lastKnownFileType = sourcecode.c.objc; path = ViewController.m; sourceTree = "<group>"; };
		65410CB51DB862F600B92D89 /* Base */ = {isa = PBXFileReference; lastKnownFileType = file.storyboard; name = Base; path = Base.lproj/Main.storyboard; sourceTree = "<group>"; };
		65410CB71DB862F600B92D89 /* Assets.xcassets */ = {isa = PBXFileReference; lastKnownFileType = folder.assetcatalog; path = Assets.xcassets; sourceTree = "<group>"; };
		65410CBA1DB862F600B92D89 /* Base */ = {isa = PBXFileReference; lastKnownFileType = file.storyboard; name = Base; path = Base.lproj/LaunchScreen.storyboard; sourceTree = "<group>"; };
		65410CBC1DB862F600B92D89 /* Info.plist */ = {isa = PBXFileReference; lastKnownFileType = text.plist.xml; path = Info.plist; sourceTree = "<group>"; };
		65410CC11DB862F600B92D89 /* scrollviewsTests.xctest */ = {isa = PBXFileReference; explicitFileType = wrapper.cfbundle; includeInIndex = 0; path = scrollviewsTests.xctest; sourceTree = BUILT_PRODUCTS_DIR; };
		65410CC51DB862F600B92D89 /* scrollviewsTests.m */ = {isa = PBXFileReference; lastKnownFileType = sourcecode.c.objc; path = scrollviewsTests.m; sourceTree = "<group>"; };
		65410CC71DB862F600B92D89 /* Info.plist */ = {isa = PBXFileReference; lastKnownFileType = text.plist.xml; path = Info.plist; sourceTree = "<group>"; };
		65410CCC1DB862F600B92D89 /* scrollviewsUITests.xctest */ = {isa = PBXFileReference; explicitFileType = wrapper.cfbundle; includeInIndex = 0; path = scrollviewsUITests.xctest; sourceTree = BUILT_PRODUCTS_DIR; };
		65410CD01DB862F600B92D89 /* scrollviewsUITests.m */ = {isa = PBXFileReference; lastKnownFileType = sourcecode.c.objc; path = scrollviewsUITests.m; sourceTree = "<group>"; };
		65410CD21DB862F600B92D89 /* Info.plist */ = {isa = PBXFileReference; lastKnownFileType = text.plist.xml; path = Info.plist; sourceTree = "<group>"; };
		65410CED1DB867FC00B92D89 /* SubTableView.h */ = {isa = PBXFileReference; fileEncoding = 4; lastKnownFileType = sourcecode.c.h; path = SubTableView.h; sourceTree = "<group>"; };
		65410CEE1DB867FC00B92D89 /* SubTableView.m */ = {isa = PBXFileReference; fileEncoding = 4; lastKnownFileType = sourcecode.c.objc; path = SubTableView.m; sourceTree = "<group>"; };
		65410CF01DB8685900B92D89 /* SuperTableView.h */ = {isa = PBXFileReference; fileEncoding = 4; lastKnownFileType = sourcecode.c.h; path = SuperTableView.h; sourceTree = "<group>"; };
		65410CF11DB8685900B92D89 /* SuperTableView.m */ = {isa = PBXFileReference; fileEncoding = 4; lastKnownFileType = sourcecode.c.objc; path = SuperTableView.m; sourceTree = "<group>"; };
		65410CF31DB868A400B92D89 /* SubBGScrollView.h */ = {isa = PBXFileReference; fileEncoding = 4; lastKnownFileType = sourcecode.c.h; path = SubBGScrollView.h; sourceTree = "<group>"; };
		65410CF41DB868A400B92D89 /* SubBGScrollView.m */ = {isa = PBXFileReference; fileEncoding = 4; lastKnownFileType = sourcecode.c.objc; path = SubBGScrollView.m; sourceTree = "<group>"; };
		65410D001DB86EDF00B92D89 /* MJRefreshAutoFooter.h */ = {isa = PBXFileReference; fileEncoding = 4; lastKnownFileType = sourcecode.c.h; path = MJRefreshAutoFooter.h; sourceTree = "<group>"; };
		65410D011DB86EDF00B92D89 /* MJRefreshAutoFooter.m */ = {isa = PBXFileReference; fileEncoding = 4; lastKnownFileType = sourcecode.c.objc; path = MJRefreshAutoFooter.m; sourceTree = "<group>"; };
		65410D021DB86EDF00B92D89 /* MJRefreshBackFooter.h */ = {isa = PBXFileReference; fileEncoding = 4; lastKnownFileType = sourcecode.c.h; path = MJRefreshBackFooter.h; sourceTree = "<group>"; };
		65410D031DB86EDF00B92D89 /* MJRefreshBackFooter.m */ = {isa = PBXFileReference; fileEncoding = 4; lastKnownFileType = sourcecode.c.objc; path = MJRefreshBackFooter.m; sourceTree = "<group>"; };
		65410D041DB86EDF00B92D89 /* MJRefreshComponent.h */ = {isa = PBXFileReference; fileEncoding = 4; lastKnownFileType = sourcecode.c.h; path = MJRefreshComponent.h; sourceTree = "<group>"; };
		65410D051DB86EDF00B92D89 /* MJRefreshComponent.m */ = {isa = PBXFileReference; fileEncoding = 4; lastKnownFileType = sourcecode.c.objc; path = MJRefreshComponent.m; sourceTree = "<group>"; };
		65410D061DB86EDF00B92D89 /* MJRefreshFooter.h */ = {isa = PBXFileReference; fileEncoding = 4; lastKnownFileType = sourcecode.c.h; path = MJRefreshFooter.h; sourceTree = "<group>"; };
		65410D071DB86EDF00B92D89 /* MJRefreshFooter.m */ = {isa = PBXFileReference; fileEncoding = 4; lastKnownFileType = sourcecode.c.objc; path = MJRefreshFooter.m; sourceTree = "<group>"; };
		65410D081DB86EDF00B92D89 /* MJRefreshHeader.h */ = {isa = PBXFileReference; fileEncoding = 4; lastKnownFileType = sourcecode.c.h; path = MJRefreshHeader.h; sourceTree = "<group>"; };
		65410D091DB86EDF00B92D89 /* MJRefreshHeader.m */ = {isa = PBXFileReference; fileEncoding = 4; lastKnownFileType = sourcecode.c.objc; path = MJRefreshHeader.m; sourceTree = "<group>"; };
		65410D0D1DB86EDF00B92D89 /* MJRefreshAutoGifFooter.h */ = {isa = PBXFileReference; fileEncoding = 4; lastKnownFileType = sourcecode.c.h; path = MJRefreshAutoGifFooter.h; sourceTree = "<group>"; };
		65410D0E1DB86EDF00B92D89 /* MJRefreshAutoGifFooter.m */ = {isa = PBXFileReference; fileEncoding = 4; lastKnownFileType = sourcecode.c.objc; path = MJRefreshAutoGifFooter.m; sourceTree = "<group>"; };
		65410D0F1DB86EDF00B92D89 /* MJRefreshAutoNormalFooter.h */ = {isa = PBXFileReference; fileEncoding = 4; lastKnownFileType = sourcecode.c.h; path = MJRefreshAutoNormalFooter.h; sourceTree = "<group>"; };
		65410D101DB86EDF00B92D89 /* MJRefreshAutoNormalFooter.m */ = {isa = PBXFileReference; fileEncoding = 4; lastKnownFileType = sourcecode.c.objc; path = MJRefreshAutoNormalFooter.m; sourceTree = "<group>"; };
		65410D111DB86EDF00B92D89 /* MJRefreshAutoStateFooter.h */ = {isa = PBXFileReference; fileEncoding = 4; lastKnownFileType = sourcecode.c.h; path = MJRefreshAutoStateFooter.h; sourceTree = "<group>"; };
		65410D121DB86EDF00B92D89 /* MJRefreshAutoStateFooter.m */ = {isa = PBXFileReference; fileEncoding = 4; lastKnownFileType = sourcecode.c.objc; path = MJRefreshAutoStateFooter.m; sourceTree = "<group>"; };
		65410D141DB86EDF00B92D89 /* MJRefreshBackGifFooter.h */ = {isa = PBXFileReference; fileEncoding = 4; lastKnownFileType = sourcecode.c.h; path = MJRefreshBackGifFooter.h; sourceTree = "<group>"; };
		65410D151DB86EDF00B92D89 /* MJRefreshBackGifFooter.m */ = {isa = PBXFileReference; fileEncoding = 4; lastKnownFileType = sourcecode.c.objc; path = MJRefreshBackGifFooter.m; sourceTree = "<group>"; };
		65410D161DB86EDF00B92D89 /* MJRefreshBackNormalFooter.h */ = {isa = PBXFileReference; fileEncoding = 4; lastKnownFileType = sourcecode.c.h; path = MJRefreshBackNormalFooter.h; sourceTree = "<group>"; };
		65410D171DB86EDF00B92D89 /* MJRefreshBackNormalFooter.m */ = {isa = PBXFileReference; fileEncoding = 4; lastKnownFileType = sourcecode.c.objc; path = MJRefreshBackNormalFooter.m; sourceTree = "<group>"; };
		65410D181DB86EDF00B92D89 /* MJRefreshBackStateFooter.h */ = {isa = PBXFileReference; fileEncoding = 4; lastKnownFileType = sourcecode.c.h; path = MJRefreshBackStateFooter.h; sourceTree = "<group>"; };
		65410D191DB86EDF00B92D89 /* MJRefreshBackStateFooter.m */ = {isa = PBXFileReference; fileEncoding = 4; lastKnownFileType = sourcecode.c.objc; path = MJRefreshBackStateFooter.m; sourceTree = "<group>"; };
		65410D1B1DB86EDF00B92D89 /* MJRefreshGifHeader.h */ = {isa = PBXFileReference; fileEncoding = 4; lastKnownFileType = sourcecode.c.h; path = MJRefreshGifHeader.h; sourceTree = "<group>"; };
		65410D1C1DB86EDF00B92D89 /* MJRefreshGifHeader.m */ = {isa = PBXFileReference; fileEncoding = 4; lastKnownFileType = sourcecode.c.objc; path = MJRefreshGifHeader.m; sourceTree = "<group>"; };
		65410D1D1DB86EDF00B92D89 /* MJRefreshNormalHeader.h */ = {isa = PBXFileReference; fileEncoding = 4; lastKnownFileType = sourcecode.c.h; path = MJRefreshNormalHeader.h; sourceTree = "<group>"; };
		65410D1E1DB86EDF00B92D89 /* MJRefreshNormalHeader.m */ = {isa = PBXFileReference; fileEncoding = 4; lastKnownFileType = sourcecode.c.objc; path = MJRefreshNormalHeader.m; sourceTree = "<group>"; };
		65410D1F1DB86EDF00B92D89 /* MJRefreshStateHeader.h */ = {isa = PBXFileReference; fileEncoding = 4; lastKnownFileType = sourcecode.c.h; path = MJRefreshStateHeader.h; sourceTree = "<group>"; };
		65410D201DB86EDF00B92D89 /* MJRefreshStateHeader.m */ = {isa = PBXFileReference; fileEncoding = 4; lastKnownFileType = sourcecode.c.objc; path = MJRefreshStateHeader.m; sourceTree = "<group>"; };
		65410D211DB86EDF00B92D89 /* MJRefresh.bundle */ = {isa = PBXFileReference; lastKnownFileType = "wrapper.plug-in"; path = MJRefresh.bundle; sourceTree = "<group>"; };
		65410D221DB86EDF00B92D89 /* MJRefresh.h */ = {isa = PBXFileReference; fileEncoding = 4; lastKnownFileType = sourcecode.c.h; path = MJRefresh.h; sourceTree = "<group>"; };
		65410D231DB86EDF00B92D89 /* MJRefreshConst.h */ = {isa = PBXFileReference; fileEncoding = 4; lastKnownFileType = sourcecode.c.h; path = MJRefreshConst.h; sourceTree = "<group>"; };
		65410D241DB86EDF00B92D89 /* MJRefreshConst.m */ = {isa = PBXFileReference; fileEncoding = 4; lastKnownFileType = sourcecode.c.objc; path = MJRefreshConst.m; sourceTree = "<group>"; };
		65410D251DB86EDF00B92D89 /* NSBundle+MJRefresh.h */ = {isa = PBXFileReference; fileEncoding = 4; lastKnownFileType = sourcecode.c.h; path = "NSBundle+MJRefresh.h"; sourceTree = "<group>"; };
		65410D261DB86EDF00B92D89 /* NSBundle+MJRefresh.m */ = {isa = PBXFileReference; fileEncoding = 4; lastKnownFileType = sourcecode.c.objc; path = "NSBundle+MJRefresh.m"; sourceTree = "<group>"; };
		65410D271DB86EDF00B92D89 /* UIScrollView+MJExtension.h */ = {isa = PBXFileReference; fileEncoding = 4; lastKnownFileType = sourcecode.c.h; path = "UIScrollView+MJExtension.h"; sourceTree = "<group>"; };
		65410D281DB86EDF00B92D89 /* UIScrollView+MJExtension.m */ = {isa = PBXFileReference; fileEncoding = 4; lastKnownFileType = sourcecode.c.objc; path = "UIScrollView+MJExtension.m"; sourceTree = "<group>"; };
		65410D291DB86EDF00B92D89 /* UIScrollView+MJRefresh.h */ = {isa = PBXFileReference; fileEncoding = 4; lastKnownFileType = sourcecode.c.h; path = "UIScrollView+MJRefresh.h"; sourceTree = "<group>"; };
		65410D2A1DB86EDF00B92D89 /* UIScrollView+MJRefresh.m */ = {isa = PBXFileReference; fileEncoding = 4; lastKnownFileType = sourcecode.c.objc; path = "UIScrollView+MJRefresh.m"; sourceTree = "<group>"; };
		65410D2B1DB86EDF00B92D89 /* UIView+MJExtension.h */ = {isa = PBXFileReference; fileEncoding = 4; lastKnownFileType = sourcecode.c.h; path = "UIView+MJExtension.h"; sourceTree = "<group>"; };
		65410D2C1DB86EDF00B92D89 /* UIView+MJExtension.m */ = {isa = PBXFileReference; fileEncoding = 4; lastKnownFileType = sourcecode.c.objc; path = "UIView+MJExtension.m"; sourceTree = "<group>"; };
		65410D411DB8999600B92D89 /* SecondViewController.h */ = {isa = PBXFileReference; fileEncoding = 4; lastKnownFileType = sourcecode.c.h; path = SecondViewController.h; sourceTree = "<group>"; };
		65410D421DB8999600B92D89 /* SecondViewController.m */ = {isa = PBXFileReference; fileEncoding = 4; lastKnownFileType = sourcecode.c.objc; path = SecondViewController.m; sourceTree = "<group>"; };
		65BD90B71DB8B66A00037210 /* IndexTabelView.h */ = {isa = PBXFileReference; fileEncoding = 4; lastKnownFileType = sourcecode.c.h; path = IndexTabelView.h; sourceTree = "<group>"; };
		65BD90B81DB8B66A00037210 /* IndexTabelView.m */ = {isa = PBXFileReference; fileEncoding = 4; lastKnownFileType = sourcecode.c.objc; path = IndexTabelView.m; sourceTree = "<group>"; };
/* End PBXFileReference section */

/* Begin PBXFrameworksBuildPhase section */
		65410CA51DB862F600B92D89 /* Frameworks */ = {
			isa = PBXFrameworksBuildPhase;
			buildActionMask = 2147483647;
			files = (
			);
			runOnlyForDeploymentPostprocessing = 0;
		};
		65410CBE1DB862F600B92D89 /* Frameworks */ = {
			isa = PBXFrameworksBuildPhase;
			buildActionMask = 2147483647;
			files = (
			);
			runOnlyForDeploymentPostprocessing = 0;
		};
		65410CC91DB862F600B92D89 /* Frameworks */ = {
			isa = PBXFrameworksBuildPhase;
			buildActionMask = 2147483647;
			files = (
			);
			runOnlyForDeploymentPostprocessing = 0;
		};
/* End PBXFrameworksBuildPhase section */

/* Begin PBXGroup section */
		65410C9F1DB862F600B92D89 = {
			isa = PBXGroup;
			children = (
				65410CAA1DB862F600B92D89 /* scrollviews */,
				65410CC41DB862F600B92D89 /* scrollviewsTests */,
				65410CCF1DB862F600B92D89 /* scrollviewsUITests */,
				65410CA91DB862F600B92D89 /* Products */,
			);
			sourceTree = "<group>";
		};
		65410CA91DB862F600B92D89 /* Products */ = {
			isa = PBXGroup;
			children = (
				65410CA81DB862F600B92D89 /* scrollviews.app */,
				65410CC11DB862F600B92D89 /* scrollviewsTests.xctest */,
				65410CCC1DB862F600B92D89 /* scrollviewsUITests.xctest */,
			);
			name = Products;
			sourceTree = "<group>";
		};
		65410CAA1DB862F600B92D89 /* scrollviews */ = {
			isa = PBXGroup;
			children = (
				65410CFE1DB86EDF00B92D89 /* MJRefresh */,
				65410CED1DB867FC00B92D89 /* SubTableView.h */,
				65410CEE1DB867FC00B92D89 /* SubTableView.m */,
				65410CF01DB8685900B92D89 /* SuperTableView.h */,
				65410CF11DB8685900B92D89 /* SuperTableView.m */,
				65410CF31DB868A400B92D89 /* SubBGScrollView.h */,
				65410CF41DB868A400B92D89 /* SubBGScrollView.m */,
				65410CAE1DB862F600B92D89 /* AppDelegate.h */,
				65410CAF1DB862F600B92D89 /* AppDelegate.m */,
				65410CB11DB862F600B92D89 /* ViewController.h */,
				65410CB21DB862F600B92D89 /* ViewController.m */,
				65410D411DB8999600B92D89 /* SecondViewController.h */,
				65410D421DB8999600B92D89 /* SecondViewController.m */,
				65BD90B71DB8B66A00037210 /* IndexTabelView.h */,
				65BD90B81DB8B66A00037210 /* IndexTabelView.m */,
				65410CB41DB862F600B92D89 /* Main.storyboard */,
				65410CB71DB862F600B92D89 /* Assets.xcassets */,
				65410CB91DB862F600B92D89 /* LaunchScreen.storyboard */,
				65410CBC1DB862F600B92D89 /* Info.plist */,
				65410CAB1DB862F600B92D89 /* Supporting Files */,
			);
			path = scrollviews;
			sourceTree = "<group>";
		};
		65410CAB1DB862F600B92D89 /* Supporting Files */ = {
			isa = PBXGroup;
			children = (
				65410CAC1DB862F600B92D89 /* main.m */,
			);
			name = "Supporting Files";
			sourceTree = "<group>";
		};
		65410CC41DB862F600B92D89 /* scrollviewsTests */ = {
			isa = PBXGroup;
			children = (
				65410CC51DB862F600B92D89 /* scrollviewsTests.m */,
				65410CC71DB862F600B92D89 /* Info.plist */,
			);
			path = scrollviewsTests;
			sourceTree = "<group>";
		};
		65410CCF1DB862F600B92D89 /* scrollviewsUITests */ = {
			isa = PBXGroup;
			children = (
				65410CD01DB862F600B92D89 /* scrollviewsUITests.m */,
				65410CD21DB862F600B92D89 /* Info.plist */,
			);
			path = scrollviewsUITests;
			sourceTree = "<group>";
		};
		65410CFE1DB86EDF00B92D89 /* MJRefresh */ = {
			isa = PBXGroup;
			children = (
				65410CFF1DB86EDF00B92D89 /* Base */,
				65410D0A1DB86EDF00B92D89 /* Custom */,
				65410D211DB86EDF00B92D89 /* MJRefresh.bundle */,
				65410D221DB86EDF00B92D89 /* MJRefresh.h */,
				65410D231DB86EDF00B92D89 /* MJRefreshConst.h */,
				65410D241DB86EDF00B92D89 /* MJRefreshConst.m */,
				65410D251DB86EDF00B92D89 /* NSBundle+MJRefresh.h */,
				65410D261DB86EDF00B92D89 /* NSBundle+MJRefresh.m */,
				65410D271DB86EDF00B92D89 /* UIScrollView+MJExtension.h */,
				65410D281DB86EDF00B92D89 /* UIScrollView+MJExtension.m */,
				65410D291DB86EDF00B92D89 /* UIScrollView+MJRefresh.h */,
				65410D2A1DB86EDF00B92D89 /* UIScrollView+MJRefresh.m */,
				65410D2B1DB86EDF00B92D89 /* UIView+MJExtension.h */,
				65410D2C1DB86EDF00B92D89 /* UIView+MJExtension.m */,
			);
			path = MJRefresh;
			sourceTree = "<group>";
		};
		65410CFF1DB86EDF00B92D89 /* Base */ = {
			isa = PBXGroup;
			children = (
				65410D001DB86EDF00B92D89 /* MJRefreshAutoFooter.h */,
				65410D011DB86EDF00B92D89 /* MJRefreshAutoFooter.m */,
				65410D021DB86EDF00B92D89 /* MJRefreshBackFooter.h */,
				65410D031DB86EDF00B92D89 /* MJRefreshBackFooter.m */,
				65410D041DB86EDF00B92D89 /* MJRefreshComponent.h */,
				65410D051DB86EDF00B92D89 /* MJRefreshComponent.m */,
				65410D061DB86EDF00B92D89 /* MJRefreshFooter.h */,
				65410D071DB86EDF00B92D89 /* MJRefreshFooter.m */,
				65410D081DB86EDF00B92D89 /* MJRefreshHeader.h */,
				65410D091DB86EDF00B92D89 /* MJRefreshHeader.m */,
			);
			path = Base;
			sourceTree = "<group>";
		};
		65410D0A1DB86EDF00B92D89 /* Custom */ = {
			isa = PBXGroup;
			children = (
				65410D0B1DB86EDF00B92D89 /* Footer */,
				65410D1A1DB86EDF00B92D89 /* Header */,
			);
			path = Custom;
			sourceTree = "<group>";
		};
		65410D0B1DB86EDF00B92D89 /* Footer */ = {
			isa = PBXGroup;
			children = (
				65410D0C1DB86EDF00B92D89 /* Auto */,
				65410D131DB86EDF00B92D89 /* Back */,
			);
			path = Footer;
			sourceTree = "<group>";
		};
		65410D0C1DB86EDF00B92D89 /* Auto */ = {
			isa = PBXGroup;
			children = (
				65410D0D1DB86EDF00B92D89 /* MJRefreshAutoGifFooter.h */,
				65410D0E1DB86EDF00B92D89 /* MJRefreshAutoGifFooter.m */,
				65410D0F1DB86EDF00B92D89 /* MJRefreshAutoNormalFooter.h */,
				65410D101DB86EDF00B92D89 /* MJRefreshAutoNormalFooter.m */,
				65410D111DB86EDF00B92D89 /* MJRefreshAutoStateFooter.h */,
				65410D121DB86EDF00B92D89 /* MJRefreshAutoStateFooter.m */,
			);
			path = Auto;
			sourceTree = "<group>";
		};
		65410D131DB86EDF00B92D89 /* Back */ = {
			isa = PBXGroup;
			children = (
				65410D141DB86EDF00B92D89 /* MJRefreshBackGifFooter.h */,
				65410D151DB86EDF00B92D89 /* MJRefreshBackGifFooter.m */,
				65410D161DB86EDF00B92D89 /* MJRefreshBackNormalFooter.h */,
				65410D171DB86EDF00B92D89 /* MJRefreshBackNormalFooter.m */,
				65410D181DB86EDF00B92D89 /* MJRefreshBackStateFooter.h */,
				65410D191DB86EDF00B92D89 /* MJRefreshBackStateFooter.m */,
			);
			path = Back;
			sourceTree = "<group>";
		};
		65410D1A1DB86EDF00B92D89 /* Header */ = {
			isa = PBXGroup;
			children = (
				65410D1B1DB86EDF00B92D89 /* MJRefreshGifHeader.h */,
				65410D1C1DB86EDF00B92D89 /* MJRefreshGifHeader.m */,
				65410D1D1DB86EDF00B92D89 /* MJRefreshNormalHeader.h */,
				65410D1E1DB86EDF00B92D89 /* MJRefreshNormalHeader.m */,
				65410D1F1DB86EDF00B92D89 /* MJRefreshStateHeader.h */,
				65410D201DB86EDF00B92D89 /* MJRefreshStateHeader.m */,
			);
			path = Header;
			sourceTree = "<group>";
		};
/* End PBXGroup section */

/* Begin PBXNativeTarget section */
		65410CA71DB862F600B92D89 /* scrollviews */ = {
			isa = PBXNativeTarget;
			buildConfigurationList = 65410CD51DB862F600B92D89 /* Build configuration list for PBXNativeTarget "scrollviews" */;
			buildPhases = (
				65410CA41DB862F600B92D89 /* Sources */,
				65410CA51DB862F600B92D89 /* Frameworks */,
				65410CA61DB862F600B92D89 /* Resources */,
			);
			buildRules = (
			);
			dependencies = (
			);
			name = scrollviews;
			productName = scrollviews;
			productReference = 65410CA81DB862F600B92D89 /* scrollviews.app */;
			productType = "com.apple.product-type.application";
		};
		65410CC01DB862F600B92D89 /* scrollviewsTests */ = {
			isa = PBXNativeTarget;
			buildConfigurationList = 65410CD81DB862F600B92D89 /* Build configuration list for PBXNativeTarget "scrollviewsTests" */;
			buildPhases = (
				65410CBD1DB862F600B92D89 /* Sources */,
				65410CBE1DB862F600B92D89 /* Frameworks */,
				65410CBF1DB862F600B92D89 /* Resources */,
			);
			buildRules = (
			);
			dependencies = (
				65410CC31DB862F600B92D89 /* PBXTargetDependency */,
			);
			name = scrollviewsTests;
			productName = scrollviewsTests;
			productReference = 65410CC11DB862F600B92D89 /* scrollviewsTests.xctest */;
			productType = "com.apple.product-type.bundle.unit-test";
		};
		65410CCB1DB862F600B92D89 /* scrollviewsUITests */ = {
			isa = PBXNativeTarget;
			buildConfigurationList = 65410CDB1DB862F600B92D89 /* Build configuration list for PBXNativeTarget "scrollviewsUITests" */;
			buildPhases = (
				65410CC81DB862F600B92D89 /* Sources */,
				65410CC91DB862F600B92D89 /* Frameworks */,
				65410CCA1DB862F600B92D89 /* Resources */,
			);
			buildRules = (
			);
			dependencies = (
				65410CCE1DB862F600B92D89 /* PBXTargetDependency */,
			);
			name = scrollviewsUITests;
			productName = scrollviewsUITests;
			productReference = 65410CCC1DB862F600B92D89 /* scrollviewsUITests.xctest */;
			productType = "com.apple.product-type.bundle.ui-testing";
		};
/* End PBXNativeTarget section */

/* Begin PBXProject section */
		65410CA01DB862F600B92D89 /* Project object */ = {
			isa = PBXProject;
			attributes = {
				LastUpgradeCheck = 0730;
				ORGANIZATIONNAME = xes;
				TargetAttributes = {
					65410CA71DB862F600B92D89 = {
						CreatedOnToolsVersion = 7.3.1;
						DevelopmentTeam = 5DZDKML3BP;
					};
					65410CC01DB862F600B92D89 = {
						CreatedOnToolsVersion = 7.3.1;
						TestTargetID = 65410CA71DB862F600B92D89;
					};
					65410CCB1DB862F600B92D89 = {
						CreatedOnToolsVersion = 7.3.1;
						TestTargetID = 65410CA71DB862F600B92D89;
					};
				};
			};
			buildConfigurationList = 65410CA31DB862F600B92D89 /* Build configuration list for PBXProject "scrollviews" */;
			compatibilityVersion = "Xcode 3.2";
			developmentRegion = English;
			hasScannedForEncodings = 0;
			knownRegions = (
				en,
				Base,
			);
			mainGroup = 65410C9F1DB862F600B92D89;
			productRefGroup = 65410CA91DB862F600B92D89 /* Products */;
			projectDirPath = "";
			projectRoot = "";
			targets = (
				65410CA71DB862F600B92D89 /* scrollviews */,
				65410CC01DB862F600B92D89 /* scrollviewsTests */,
				65410CCB1DB862F600B92D89 /* scrollviewsUITests */,
			);
		};
/* End PBXProject section */

/* Begin PBXResourcesBuildPhase section */
		65410CA61DB862F600B92D89 /* Resources */ = {
			isa = PBXResourcesBuildPhase;
			buildActionMask = 2147483647;
			files = (
				65410CBB1DB862F600B92D89 /* LaunchScreen.storyboard in Resources */,
				65410CB81DB862F600B92D89 /* Assets.xcassets in Resources */,
				65410D3B1DB86EDF00B92D89 /* MJRefresh.bundle in Resources */,
				65410CB61DB862F600B92D89 /* Main.storyboard in Resources */,
			);
			runOnlyForDeploymentPostprocessing = 0;
		};
		65410CBF1DB862F600B92D89 /* Resources */ = {
			isa = PBXResourcesBuildPhase;
			buildActionMask = 2147483647;
			files = (
			);
			runOnlyForDeploymentPostprocessing = 0;
		};
		65410CCA1DB862F600B92D89 /* Resources */ = {
			isa = PBXResourcesBuildPhase;
			buildActionMask = 2147483647;
			files = (
			);
			runOnlyForDeploymentPostprocessing = 0;
		};
/* End PBXResourcesBuildPhase section */

/* Begin PBXSourcesBuildPhase section */
		65410CA41DB862F600B92D89 /* Sources */ = {
			isa = PBXSourcesBuildPhase;
			buildActionMask = 2147483647;
			files = (
				65410CF51DB868A400B92D89 /* SubBGScrollView.m in Sources */,
				65410D2D1DB86EDF00B92D89 /* MJRefreshAutoFooter.m in Sources */,
				65410D341DB86EDF00B92D89 /* MJRefreshAutoStateFooter.m in Sources */,
				65410D371DB86EDF00B92D89 /* MJRefreshBackStateFooter.m in Sources */,
				65410CB31DB862F600B92D89 /* ViewController.m in Sources */,
				65410D3A1DB86EDF00B92D89 /* MJRefreshStateHeader.m in Sources */,
				65410CB01DB862F600B92D89 /* AppDelegate.m in Sources */,
				65410D3E1DB86EDF00B92D89 /* UIScrollView+MJExtension.m in Sources */,
				65BD90B91DB8B66A00037210 /* IndexTabelView.m in Sources */,
				65410D381DB86EDF00B92D89 /* MJRefreshGifHeader.m in Sources */,
				65410D361DB86EDF00B92D89 /* MJRefreshBackNormalFooter.m in Sources */,
				65410CF21DB8685900B92D89 /* SuperTableView.m in Sources */,
				65410D2F1DB86EDF00B92D89 /* MJRefreshComponent.m in Sources */,
				65410D331DB86EDF00B92D89 /* MJRefreshAutoNormalFooter.m in Sources */,
				65410CEF1DB867FC00B92D89 /* SubTableView.m in Sources */,
				65410D431DB8999600B92D89 /* SecondViewController.m in Sources */,
				65410D321DB86EDF00B92D89 /* MJRefreshAutoGifFooter.m in Sources */,
				65410D2E1DB86EDF00B92D89 /* MJRefreshBackFooter.m in Sources */,
				65410D401DB86EDF00B92D89 /* UIView+MJExtension.m in Sources */,
				65410D3D1DB86EDF00B92D89 /* NSBundle+MJRefresh.m in Sources */,
				65410CAD1DB862F600B92D89 /* main.m in Sources */,
				65410D301DB86EDF00B92D89 /* MJRefreshFooter.m in Sources */,
				65410D3C1DB86EDF00B92D89 /* MJRefreshConst.m in Sources */,
				65410D3F1DB86EDF00B92D89 /* UIScrollView+MJRefresh.m in Sources */,
				65410D351DB86EDF00B92D89 /* MJRefreshBackGifFooter.m in Sources */,
				65410D311DB86EDF00B92D89 /* MJRefreshHeader.m in Sources */,
				65410D391DB86EDF00B92D89 /* MJRefreshNormalHeader.m in Sources */,
			);
			runOnlyForDeploymentPostprocessing = 0;
		};
		65410CBD1DB862F600B92D89 /* Sources */ = {
			isa = PBXSourcesBuildPhase;
			buildActionMask = 2147483647;
			files = (
				65410CC61DB862F600B92D89 /* scrollviewsTests.m in Sources */,
			);
			runOnlyForDeploymentPostprocessing = 0;
		};
		65410CC81DB862F600B92D89 /* Sources */ = {
			isa = PBXSourcesBuildPhase;
			buildActionMask = 2147483647;
			files = (
				65410CD11DB862F600B92D89 /* scrollviewsUITests.m in Sources */,
			);
			runOnlyForDeploymentPostprocessing = 0;
		};
/* End PBXSourcesBuildPhase section */

/* Begin PBXTargetDependency section */
		65410CC31DB862F600B92D89 /* PBXTargetDependency */ = {
			isa = PBXTargetDependency;
			target = 65410CA71DB862F600B92D89 /* scrollviews */;
			targetProxy = 65410CC21DB862F600B92D89 /* PBXContainerItemProxy */;
		};
		65410CCE1DB862F600B92D89 /* PBXTargetDependency */ = {
			isa = PBXTargetDependency;
			target = 65410CA71DB862F600B92D89 /* scrollviews */;
			targetProxy = 65410CCD1DB862F600B92D89 /* PBXContainerItemProxy */;
		};
/* End PBXTargetDependency section */

/* Begin PBXVariantGroup section */
		65410CB41DB862F600B92D89 /* Main.storyboard */ = {
			isa = PBXVariantGroup;
			children = (
				65410CB51DB862F600B92D89 /* Base */,
			);
			name = Main.storyboard;
			sourceTree = "<group>";
		};
		65410CB91DB862F600B92D89 /* LaunchScreen.storyboard */ = {
			isa = PBXVariantGroup;
			children = (
				65410CBA1DB862F600B92D89 /* Base */,
			);
			name = LaunchScreen.storyboard;
			sourceTree = "<group>";
		};
/* End PBXVariantGroup section */

/* Begin XCBuildConfiguration section */
		65410CD31DB862F600B92D89 /* Debug */ = {
			isa = XCBuildConfiguration;
			buildSettings = {
				ALWAYS_SEARCH_USER_PATHS = NO;
				CLANG_ANALYZER_NONNULL = YES;
				CLANG_CXX_LANGUAGE_STANDARD = "gnu++0x";
				CLANG_CXX_LIBRARY = "libc++";
				CLANG_ENABLE_MODULES = YES;
				CLANG_ENABLE_OBJC_ARC = YES;
				CLANG_WARN_BOOL_CONVERSION = YES;
				CLANG_WARN_CONSTANT_CONVERSION = YES;
				CLANG_WARN_DIRECT_OBJC_ISA_USAGE = YES_ERROR;
				CLANG_WARN_EMPTY_BODY = YES;
				CLANG_WARN_ENUM_CONVERSION = YES;
				CLANG_WARN_INT_CONVERSION = YES;
				CLANG_WARN_OBJC_ROOT_CLASS = YES_ERROR;
				CLANG_WARN_UNREACHABLE_CODE = YES;
				CLANG_WARN__DUPLICATE_METHOD_MATCH = YES;
				"CODE_SIGN_IDENTITY[sdk=iphoneos*]" = "iPhone Developer";
				COPY_PHASE_STRIP = NO;
				DEBUG_INFORMATION_FORMAT = dwarf;
				ENABLE_STRICT_OBJC_MSGSEND = YES;
				ENABLE_TESTABILITY = YES;
				GCC_C_LANGUAGE_STANDARD = gnu99;
				GCC_DYNAMIC_NO_PIC = NO;
				GCC_NO_COMMON_BLOCKS = YES;
				GCC_OPTIMIZATION_LEVEL = 0;
				GCC_PREPROCESSOR_DEFINITIONS = (
					"DEBUG=1",
					"$(inherited)",
				);
				GCC_WARN_64_TO_32_BIT_CONVERSION = YES;
				GCC_WARN_ABOUT_RETURN_TYPE = YES_ERROR;
				GCC_WARN_UNDECLARED_SELECTOR = YES;
				GCC_WARN_UNINITIALIZED_AUTOS = YES_AGGRESSIVE;
				GCC_WARN_UNUSED_FUNCTION = YES;
				GCC_WARN_UNUSED_VARIABLE = YES;
				IPHONEOS_DEPLOYMENT_TARGET = 9.3;
				MTL_ENABLE_DEBUG_INFO = YES;
				ONLY_ACTIVE_ARCH = YES;
				SDKROOT = iphoneos;
				TARGETED_DEVICE_FAMILY = "1,2";
			};
			name = Debug;
		};
		65410CD41DB862F600B92D89 /* Release */ = {
			isa = XCBuildConfiguration;
			buildSettings = {
				ALWAYS_SEARCH_USER_PATHS = NO;
				CLANG_ANALYZER_NONNULL = YES;
				CLANG_CXX_LANGUAGE_STANDARD = "gnu++0x";
				CLANG_CXX_LIBRARY = "libc++";
				CLANG_ENABLE_MODULES = YES;
				CLANG_ENABLE_OBJC_ARC = YES;
				CLANG_WARN_BOOL_CONVERSION = YES;
				CLANG_WARN_CONSTANT_CONVERSION = YES;
				CLANG_WARN_DIRECT_OBJC_ISA_USAGE = YES_ERROR;
				CLANG_WARN_EMPTY_BODY = YES;
				CLANG_WARN_ENUM_CONVERSION = YES;
				CLANG_WARN_INT_CONVERSION = YES;
				CLANG_WARN_OBJC_ROOT_CLASS = YES_ERROR;
				CLANG_WARN_UNREACHABLE_CODE = YES;
				CLANG_WARN__DUPLICATE_METHOD_MATCH = YES;
				"CODE_SIGN_IDENTITY[sdk=iphoneos*]" = "iPhone Developer";
				COPY_PHASE_STRIP = NO;
				DEBUG_INFORMATION_FORMAT = "dwarf-with-dsym";
				ENABLE_NS_ASSERTIONS = NO;
				ENABLE_STRICT_OBJC_MSGSEND = YES;
				GCC_C_LANGUAGE_STANDARD = gnu99;
				GCC_NO_COMMON_BLOCKS = YES;
				GCC_WARN_64_TO_32_BIT_CONVERSION = YES;
				GCC_WARN_ABOUT_RETURN_TYPE = YES_ERROR;
				GCC_WARN_UNDECLARED_SELECTOR = YES;
				GCC_WARN_UNINITIALIZED_AUTOS = YES_AGGRESSIVE;
				GCC_WARN_UNUSED_FUNCTION = YES;
				GCC_WARN_UNUSED_VARIABLE = YES;
				IPHONEOS_DEPLOYMENT_TARGET = 9.3;
				MTL_ENABLE_DEBUG_INFO = NO;
				SDKROOT = iphoneos;
				TARGETED_DEVICE_FAMILY = "1,2";
				VALIDATE_PRODUCT = YES;
			};
			name = Release;
		};
		65410CD61DB862F600B92D89 /* Debug */ = {
			isa = XCBuildConfiguration;
			buildSettings = {
				ASSETCATALOG_COMPILER_APPICON_NAME = AppIcon;
				CODE_SIGN_IDENTITY = "iPhone Developer";
				INFOPLIST_FILE = scrollviews/Info.plist;
				LD_RUNPATH_SEARCH_PATHS = "$(inherited) @executable_path/Frameworks";
				PRODUCT_BUNDLE_IDENTIFIER = com.xes.scrollviews;
				PRODUCT_NAME = "$(TARGET_NAME)";
			};
			name = Debug;
		};
		65410CD71DB862F600B92D89 /* Release */ = {
			isa = XCBuildConfiguration;
			buildSettings = {
				ASSETCATALOG_COMPILER_APPICON_NAME = AppIcon;
				CODE_SIGN_IDENTITY = "iPhone Developer";
				INFOPLIST_FILE = scrollviews/Info.plist;
				LD_RUNPATH_SEARCH_PATHS = "$(inherited) @executable_path/Frameworks";
				PRODUCT_BUNDLE_IDENTIFIER = com.xes.scrollviews;
				PRODUCT_NAME = "$(TARGET_NAME)";
			};
			name = Release;
		};
		65410CD91DB862F600B92D89 /* Debug */ = {
			isa = XCBuildConfiguration;
			buildSettings = {
				BUNDLE_LOADER = "$(TEST_HOST)";
				INFOPLIST_FILE = scrollviewsTests/Info.plist;
				LD_RUNPATH_SEARCH_PATHS = "$(inherited) @executable_path/Frameworks @loader_path/Frameworks";
				PRODUCT_BUNDLE_IDENTIFIER = com.xes.scrollviewsTests;
				PRODUCT_NAME = "$(TARGET_NAME)";
				TEST_HOST = "$(BUILT_PRODUCTS_DIR)/scrollviews.app/scrollviews";
			};
			name = Debug;
		};
		65410CDA1DB862F600B92D89 /* Release */ = {
			isa = XCBuildConfiguration;
			buildSettings = {
				BUNDLE_LOADER = "$(TEST_HOST)";
				INFOPLIST_FILE = scrollviewsTests/Info.plist;
				LD_RUNPATH_SEARCH_PATHS = "$(inherited) @executable_path/Frameworks @loader_path/Frameworks";
				PRODUCT_BUNDLE_IDENTIFIER = com.xes.scrollviewsTests;
				PRODUCT_NAME = "$(TARGET_NAME)";
				TEST_HOST = "$(BUILT_PRODUCTS_DIR)/scrollviews.app/scrollviews";
			};
			name = Release;
		};
		65410CDC1DB862F600B92D89 /* Debug */ = {
			isa = XCBuildConfiguration;
			buildSettings = {
				INFOPLIST_FILE = scrollviewsUITests/Info.plist;
				LD_RUNPATH_SEARCH_PATHS = "$(inherited) @executable_path/Frameworks @loader_path/Frameworks";
				PRODUCT_BUNDLE_IDENTIFIER = com.xes.scrollviewsUITests;
				PRODUCT_NAME = "$(TARGET_NAME)";
				TEST_TARGET_NAME = scrollviews;
			};
			name = Debug;
		};
		65410CDD1DB862F600B92D89 /* Release */ = {
			isa = XCBuildConfiguration;
			buildSettings = {
				INFOPLIST_FILE = scrollviewsUITests/Info.plist;
				LD_RUNPATH_SEARCH_PATHS = "$(inherited) @executable_path/Frameworks @loader_path/Frameworks";
				PRODUCT_BUNDLE_IDENTIFIER = com.xes.scrollviewsUITests;
				PRODUCT_NAME = "$(TARGET_NAME)";
				TEST_TARGET_NAME = scrollviews;
			};
			name = Release;
		};
/* End XCBuildConfiguration section */

/* Begin XCConfigurationList section */
		65410CA31DB862F600B92D89 /* Build configuration list for PBXProject "scrollviews" */ = {
			isa = XCConfigurationList;
			buildConfigurations = (
				65410CD31DB862F600B92D89 /* Debug */,
				65410CD41DB862F600B92D89 /* Release */,
			);
			defaultConfigurationIsVisible = 0;
			defaultConfigurationName = Release;
		};
		65410CD51DB862F600B92D89 /* Build configuration list for PBXNativeTarget "scrollviews" */ = {
			isa = XCConfigurationList;
			buildConfigurations = (
				65410CD61DB862F600B92D89 /* Debug */,
				65410CD71DB862F600B92D89 /* Release */,
			);
			defaultConfigurationIsVisible = 0;
			defaultConfigurationName = Release;
		};
		65410CD81DB862F600B92D89 /* Build configuration list for PBXNativeTarget "scrollviewsTests" */ = {
			isa = XCConfigurationList;
			buildConfigurations = (
				65410CD91DB862F600B92D89 /* Debug */,
				65410CDA1DB862F600B92D89 /* Release */,
			);
			defaultConfigurationIsVisible = 0;
			defaultConfigurationName = Release;
		};
		65410CDB1DB862F600B92D89 /* Build configuration list for PBXNativeTarget "scrollviewsUITests" */ = {
			isa = XCConfigurationList;
			buildConfigurations = (
				65410CDC1DB862F600B92D89 /* Debug */,
				65410CDD1DB862F600B92D89 /* Release */,
			);
			defaultConfigurationIsVisible = 0;
			defaultConfigurationName = Release;
		};
/* End XCConfigurationList section */
	};
	rootObject = 65410CA01DB862F600B92D89 /* Project object */;
}
